// !$*UTF8*$!
{
	archiveVersion = 1;
	classes = {
	};
	objectVersion = 46;
	objects = {

/* Begin PBXBuildFile section */
		7F0CB6531A25D90B00623543 /* AppDelegate.mm in Sources */ = {isa = PBXBuildFile; fileRef = 7F0CB64B1A25D90B00623543 /* AppDelegate.mm */; };
		7F0CB6541A25D90B00623543 /* GL32Renderer.cpp in Sources */ = {isa = PBXBuildFile; fileRef = 7F0CB64C1A25D90B00623543 /* GL32Renderer.cpp */; };
		7F0CB6551A25D90B00623543 /* glew.c in Sources */ = {isa = PBXBuildFile; fileRef = 7F0CB64D1A25D90B00623543 /* glew.c */; };
		7F0CB6561A25D90B00623543 /* JobManager.cpp in Sources */ = {isa = PBXBuildFile; fileRef = 7F0CB64E1A25D90B00623543 /* JobManager.cpp */; };
		7F0CB6571A25D90B00623543 /* main.m in Sources */ = {isa = PBXBuildFile; fileRef = 7F0CB64F1A25D90B00623543 /* main.m */; };
		7F0CB6581A25D90B00623543 /* Polar.cpp in Sources */ = {isa = PBXBuildFile; fileRef = 7F0CB6501A25D90B00623543 /* Polar.cpp */; };
		7F0CB6591A25D90B00623543 /* SubTerra.cpp in Sources */ = {isa = PBXBuildFile; fileRef = 7F0CB6511A25D90B00623543 /* SubTerra.cpp */; };
		7F0CB65A1A25D90B00623543 /* Worker.cpp in Sources */ = {isa = PBXBuildFile; fileRef = 7F0CB6521A25D90B00623543 /* Worker.cpp */; };
		7F0CB65B1A25D98600623543 /* MainMenu.xib in Resources */ = {isa = PBXBuildFile; fileRef = 7F0CB63F1A25D8A500623543 /* MainMenu.xib */; };
		7F5407721A1AADD100B55B7A /* OpenGL.framework in Frameworks */ = {isa = PBXBuildFile; fileRef = 7F5407711A1AADD100B55B7A /* OpenGL.framework */; };
		7F54077B1A1AAF1400B55B7A /* SDL2.framework in Resources */ = {isa = PBXBuildFile; fileRef = 7F5407781A1AAF0100B55B7A /* SDL2.framework */; };
		7F5407801A1AAF8300B55B7A /* Cocoa.framework in Frameworks */ = {isa = PBXBuildFile; fileRef = 7F54077F1A1AAF8300B55B7A /* Cocoa.framework */; };
		7F558EB41A25CB6F006622FA /* main.cpp in Sources */ = {isa = PBXBuildFile; fileRef = 7F558EB31A25CB6F006622FA /* main.cpp */; };
		7FC8FC6C1A2362D700BBBB15 /* SDL2.framework in Frameworks */ = {isa = PBXBuildFile; fileRef = 7F5407781A1AAF0100B55B7A /* SDL2.framework */; };
/* End PBXBuildFile section */

/* Begin PBXCopyFilesBuildPhase section */
		7F558EAF1A25CB6F006622FA /* CopyFiles */ = {
			isa = PBXCopyFilesBuildPhase;
			buildActionMask = 2147483647;
			dstPath = /usr/share/man/man1/;
			dstSubfolderSpec = 0;
			files = (
			);
			runOnlyForDeploymentPostprocessing = 1;
		};
/* End PBXCopyFilesBuildPhase section */

/* Begin PBXFileReference section */
		7F0CB6271A25D86E00623543 /* AppDelegate.h */ = {isa = PBXFileReference; lastKnownFileType = sourcecode.c.h; name = AppDelegate.h; path = include/AppDelegate.h; sourceTree = "<group>"; };
		7F0CB6281A25D86E00623543 /* AssetManager.h */ = {isa = PBXFileReference; lastKnownFileType = sourcecode.c.h; name = AssetManager.h; path = include/AssetManager.h; sourceTree = "<group>"; };
		7F0CB6291A25D86E00623543 /* common.h */ = {isa = PBXFileReference; lastKnownFileType = sourcecode.c.h; name = common.h; path = include/common.h; sourceTree = "<group>"; };
		7F0CB62A1A25D86E00623543 /* Component.h */ = {isa = PBXFileReference; lastKnownFileType = sourcecode.c.h; name = Component.h; path = include/Component.h; sourceTree = "<group>"; };
		7F0CB62B1A25D86E00623543 /* components.h */ = {isa = PBXFileReference; lastKnownFileType = sourcecode.c.h; name = components.h; path = include/components.h; sourceTree = "<group>"; };
		7F0CB62C1A25D86E00623543 /* EntityBase.h */ = {isa = PBXFileReference; lastKnownFileType = sourcecode.c.h; name = EntityBase.h; path = include/EntityBase.h; sourceTree = "<group>"; };
		7F0CB62D1A25D86E00623543 /* EventManager.h */ = {isa = PBXFileReference; lastKnownFileType = sourcecode.c.h; name = EventManager.h; path = include/EventManager.h; sourceTree = "<group>"; };
		7F0CB62E1A25D86E00623543 /* gl.h */ = {isa = PBXFileReference; lastKnownFileType = sourcecode.c.h; name = gl.h; path = include/gl.h; sourceTree = "<group>"; };
		7F0CB62F1A25D86E00623543 /* GL32Renderer.h */ = {isa = PBXFileReference; lastKnownFileType = sourcecode.c.h; name = GL32Renderer.h; path = include/GL32Renderer.h; sourceTree = "<group>"; };
		7F0CB6301A25D86E00623543 /* Job.h */ = {isa = PBXFileReference; lastKnownFileType = sourcecode.c.h; name = Job.h; path = include/Job.h; sourceTree = "<group>"; };
		7F0CB6311A25D86E00623543 /* JobManager.h */ = {isa = PBXFileReference; lastKnownFileType = sourcecode.c.h; name = JobManager.h; path = include/JobManager.h; sourceTree = "<group>"; };
		7F0CB6321A25D86E00623543 /* ModelComponent.h */ = {isa = PBXFileReference; lastKnownFileType = sourcecode.c.h; name = ModelComponent.h; path = include/ModelComponent.h; sourceTree = "<group>"; };
		7F0CB6331A25D86E00623543 /* NoRenderer.h */ = {isa = PBXFileReference; lastKnownFileType = sourcecode.c.h; name = NoRenderer.h; path = include/NoRenderer.h; sourceTree = "<group>"; };
		7F0CB6341A25D86E00623543 /* Polar.h */ = {isa = PBXFileReference; lastKnownFileType = sourcecode.c.h; name = Polar.h; path = include/Polar.h; sourceTree = "<group>"; };
		7F0CB6351A25D86E00623543 /* PositionComponent.h */ = {isa = PBXFileReference; lastKnownFileType = sourcecode.c.h; name = PositionComponent.h; path = include/PositionComponent.h; sourceTree = "<group>"; };
		7F0CB6361A25D86E00623543 /* Renderer.h */ = {isa = PBXFileReference; lastKnownFileType = sourcecode.c.h; name = Renderer.h; path = include/Renderer.h; sourceTree = "<group>"; };
		7F0CB6371A25D86E00623543 /* ScaleComponent.h */ = {isa = PBXFileReference; lastKnownFileType = sourcecode.c.h; name = ScaleComponent.h; path = include/ScaleComponent.h; sourceTree = "<group>"; };
		7F0CB6381A25D86E00623543 /* sdl.h */ = {isa = PBXFileReference; lastKnownFileType = sourcecode.c.h; name = sdl.h; path = include/sdl.h; sourceTree = "<group>"; };
		7F0CB6391A25D86E00623543 /* SubTerra.h */ = {isa = PBXFileReference; lastKnownFileType = sourcecode.c.h; name = SubTerra.h; path = include/SubTerra.h; sourceTree = "<group>"; };
		7F0CB63A1A25D86E00623543 /* System.h */ = {isa = PBXFileReference; lastKnownFileType = sourcecode.c.h; name = System.h; path = include/System.h; sourceTree = "<group>"; };
		7F0CB63B1A25D86E00623543 /* Tag.h */ = {isa = PBXFileReference; lastKnownFileType = sourcecode.c.h; name = Tag.h; path = include/Tag.h; sourceTree = "<group>"; };
		7F0CB63C1A25D86E00623543 /* Worker.h */ = {isa = PBXFileReference; lastKnownFileType = sourcecode.c.h; name = Worker.h; path = include/Worker.h; sourceTree = "<group>"; };
		7F0CB63D1A25D88C00623543 /* Info.plist */ = {isa = PBXFileReference; fileEncoding = 4; lastKnownFileType = text.plist.xml; name = Info.plist; path = resources/Info.plist; sourceTree = "<group>"; };
		7F0CB6401A25D8A500623543 /* Base */ = {isa = PBXFileReference; lastKnownFileType = file.xib; name = Base; path = resources/Base.lproj/MainMenu.xib; sourceTree = "<group>"; };
		7F0CB6441A25D8DA00623543 /* Asset.h */ = {isa = PBXFileReference; lastKnownFileType = sourcecode.c.h; name = Asset.h; path = include/Asset.h; sourceTree = SOURCE_ROOT; };
		7F0CB6451A25D8DA00623543 /* assets.h */ = {isa = PBXFileReference; lastKnownFileType = sourcecode.c.h; name = assets.h; path = include/assets.h; sourceTree = SOURCE_ROOT; };
		7F0CB6461A25D8DA00623543 /* ShaderAsset.h */ = {isa = PBXFileReference; lastKnownFileType = sourcecode.c.h; name = ShaderAsset.h; path = include/ShaderAsset.h; sourceTree = SOURCE_ROOT; };
		7F0CB6471A25D8DA00623543 /* TextAsset.h */ = {isa = PBXFileReference; lastKnownFileType = sourcecode.c.h; name = TextAsset.h; path = include/TextAsset.h; sourceTree = SOURCE_ROOT; };
		7F0CB6481A25D8E300623543 /* debug.h */ = {isa = PBXFileReference; lastKnownFileType = sourcecode.c.h; name = debug.h; path = include/debug.h; sourceTree = SOURCE_ROOT; };
		7F0CB6491A25D8E300623543 /* endian.h */ = {isa = PBXFileReference; lastKnownFileType = sourcecode.c.h; name = endian.h; path = include/endian.h; sourceTree = SOURCE_ROOT; };
		7F0CB64A1A25D8E300623543 /* FileSystem.h */ = {isa = PBXFileReference; lastKnownFileType = sourcecode.c.h; name = FileSystem.h; path = include/FileSystem.h; sourceTree = SOURCE_ROOT; };
		7F0CB64B1A25D90B00623543 /* AppDelegate.mm */ = {isa = PBXFileReference; fileEncoding = 4; lastKnownFileType = sourcecode.cpp.objcpp; name = AppDelegate.mm; path = src/AppDelegate.mm; sourceTree = "<group>"; };
		7F0CB64C1A25D90B00623543 /* GL32Renderer.cpp */ = {isa = PBXFileReference; fileEncoding = 4; lastKnownFileType = sourcecode.cpp.cpp; name = GL32Renderer.cpp; path = src/GL32Renderer.cpp; sourceTree = "<group>"; };
		7F0CB64D1A25D90B00623543 /* glew.c */ = {isa = PBXFileReference; fileEncoding = 4; lastKnownFileType = sourcecode.c.c; name = glew.c; path = src/glew.c; sourceTree = "<group>"; };
		7F0CB64E1A25D90B00623543 /* JobManager.cpp */ = {isa = PBXFileReference; fileEncoding = 4; lastKnownFileType = sourcecode.cpp.cpp; name = JobManager.cpp; path = src/JobManager.cpp; sourceTree = "<group>"; };
		7F0CB64F1A25D90B00623543 /* main.m */ = {isa = PBXFileReference; fileEncoding = 4; lastKnownFileType = sourcecode.c.objc; name = main.m; path = src/main.m; sourceTree = "<group>"; };
		7F0CB6501A25D90B00623543 /* Polar.cpp */ = {isa = PBXFileReference; fileEncoding = 4; lastKnownFileType = sourcecode.cpp.cpp; name = Polar.cpp; path = src/Polar.cpp; sourceTree = "<group>"; };
		7F0CB6511A25D90B00623543 /* SubTerra.cpp */ = {isa = PBXFileReference; fileEncoding = 4; lastKnownFileType = sourcecode.cpp.cpp; name = SubTerra.cpp; path = src/SubTerra.cpp; sourceTree = "<group>"; };
		7F0CB6521A25D90B00623543 /* Worker.cpp */ = {isa = PBXFileReference; fileEncoding = 4; lastKnownFileType = sourcecode.cpp.cpp; name = Worker.cpp; path = src/Worker.cpp; sourceTree = "<group>"; };
		7F54073E1A1AAC4100B55B7A /* Images.xcassets */ = {isa = PBXFileReference; lastKnownFileType = folder.assetcatalog; name = Images.xcassets; path = resources/Images.xcassets; sourceTree = SOURCE_ROOT; };
		7F5407711A1AADD100B55B7A /* OpenGL.framework */ = {isa = PBXFileReference; lastKnownFileType = wrapper.framework; name = OpenGL.framework; path = System/Library/Frameworks/OpenGL.framework; sourceTree = SDKROOT; };
		7F5407781A1AAF0100B55B7A /* SDL2.framework */ = {isa = PBXFileReference; lastKnownFileType = wrapper.framework; name = SDL2.framework; path = /Library/Frameworks/SDL2.framework; sourceTree = "<absolute>"; };
		7F54077F1A1AAF8300B55B7A /* Cocoa.framework */ = {isa = PBXFileReference; lastKnownFileType = wrapper.framework; name = Cocoa.framework; path = System/Library/Frameworks/Cocoa.framework; sourceTree = SDKROOT; };
		7F558EB11A25CB6F006622FA /* AssetBuilder */ = {isa = PBXFileReference; explicitFileType = "compiled.mach-o.executable"; includeInIndex = 0; path = AssetBuilder; sourceTree = BUILT_PRODUCTS_DIR; };
		7F558EB31A25CB6F006622FA /* main.cpp */ = {isa = PBXFileReference; lastKnownFileType = sourcecode.cpp.cpp; path = main.cpp; sourceTree = "<group>"; };
		7FF31F181A1AA90D0008999E /* Sub-Terra.app */ = {isa = PBXFileReference; explicitFileType = wrapper.application; includeInIndex = 0; path = "Sub-Terra.app"; sourceTree = BUILT_PRODUCTS_DIR; };
/* End PBXFileReference section */

/* Begin PBXFrameworksBuildPhase section */
		7F558EAE1A25CB6F006622FA /* Frameworks */ = {
			isa = PBXFrameworksBuildPhase;
			buildActionMask = 2147483647;
			files = (
			);
			runOnlyForDeploymentPostprocessing = 0;
		};
		7FF31F151A1AA90D0008999E /* Frameworks */ = {
			isa = PBXFrameworksBuildPhase;
			buildActionMask = 2147483647;
			files = (
				7FC8FC6C1A2362D700BBBB15 /* SDL2.framework in Frameworks */,
				7F5407801A1AAF8300B55B7A /* Cocoa.framework in Frameworks */,
				7F5407721A1AADD100B55B7A /* OpenGL.framework in Frameworks */,
			);
			runOnlyForDeploymentPostprocessing = 0;
		};
/* End PBXFrameworksBuildPhase section */

/* Begin PBXGroup section */
		7F0CB6421A25D8B200623543 /* Components */ = {
			isa = PBXGroup;
			children = (
				7F0CB62A1A25D86E00623543 /* Component.h */,
				7F0CB62B1A25D86E00623543 /* components.h */,
				7F0CB6321A25D86E00623543 /* ModelComponent.h */,
				7F0CB6351A25D86E00623543 /* PositionComponent.h */,
				7F0CB6371A25D86E00623543 /* ScaleComponent.h */,
			);
			name = Components;
			sourceTree = "<group>";
		};
		7F0CB6431A25D8B700623543 /* Assets */ = {
			isa = PBXGroup;
			children = (
				7F0CB6441A25D8DA00623543 /* Asset.h */,
				7F0CB6451A25D8DA00623543 /* assets.h */,
				7F0CB6461A25D8DA00623543 /* ShaderAsset.h */,
				7F0CB6471A25D8DA00623543 /* TextAsset.h */,
				7F0CB6281A25D86E00623543 /* AssetManager.h */,
			);
			name = Assets;
			sourceTree = "<group>";
		};
		7F5407391A1AABC600B55B7A /* Source Files */ = {
			isa = PBXGroup;
			children = (
				7F0CB64B1A25D90B00623543 /* AppDelegate.mm */,
				7F0CB64C1A25D90B00623543 /* GL32Renderer.cpp */,
				7F0CB64D1A25D90B00623543 /* glew.c */,
				7F0CB64E1A25D90B00623543 /* JobManager.cpp */,
				7F0CB64F1A25D90B00623543 /* main.m */,
				7F0CB6501A25D90B00623543 /* Polar.cpp */,
				7F0CB6511A25D90B00623543 /* SubTerra.cpp */,
				7F0CB6521A25D90B00623543 /* Worker.cpp */,
			);
			name = "Source Files";
			sourceTree = "<group>";
		};
		7F54073A1A1AABD000B55B7A /* Header Files */ = {
			isa = PBXGroup;
			children = (
				7F0CB6431A25D8B700623543 /* Assets */,
				7F0CB6421A25D8B200623543 /* Components */,
				7F0CB6271A25D86E00623543 /* AppDelegate.h */,
				7F0CB6291A25D86E00623543 /* common.h */,
				7F0CB6481A25D8E300623543 /* debug.h */,
				7F0CB6491A25D8E300623543 /* endian.h */,
				7F0CB62C1A25D86E00623543 /* EntityBase.h */,
				7F0CB62D1A25D86E00623543 /* EventManager.h */,
				7F0CB64A1A25D8E300623543 /* FileSystem.h */,
				7F0CB62E1A25D86E00623543 /* gl.h */,
				7F0CB62F1A25D86E00623543 /* GL32Renderer.h */,
				7F0CB6301A25D86E00623543 /* Job.h */,
				7F0CB6311A25D86E00623543 /* JobManager.h */,
				7F0CB6331A25D86E00623543 /* NoRenderer.h */,
				7F0CB6341A25D86E00623543 /* Polar.h */,
				7F0CB6361A25D86E00623543 /* Renderer.h */,
				7F0CB6381A25D86E00623543 /* sdl.h */,
				7F0CB6391A25D86E00623543 /* SubTerra.h */,
				7F0CB63A1A25D86E00623543 /* System.h */,
				7F0CB63B1A25D86E00623543 /* Tag.h */,
				7F0CB63C1A25D86E00623543 /* Worker.h */,
			);
			name = "Header Files";
			sourceTree = "<group>";
		};
		7F54073B1A1AABD600B55B7A /* Resources */ = {
			isa = PBXGroup;
			children = (
				7F0CB63F1A25D8A500623543 /* MainMenu.xib */,
				7F0CB63D1A25D88C00623543 /* Info.plist */,
				7F54073E1A1AAC4100B55B7A /* Images.xcassets */,
			);
			name = Resources;
			sourceTree = "<group>";
		};
		7F5407731A1AADDD00B55B7A /* Frameworks */ = {
			isa = PBXGroup;
			children = (
				7F54077F1A1AAF8300B55B7A /* Cocoa.framework */,
				7F5407781A1AAF0100B55B7A /* SDL2.framework */,
				7F5407711A1AADD100B55B7A /* OpenGL.framework */,
			);
			name = Frameworks;
			sourceTree = "<group>";
		};
		7F558EB21A25CB6F006622FA /* AssetBuilder */ = {
			isa = PBXGroup;
			children = (
				7F558EB31A25CB6F006622FA /* main.cpp */,
			);
			path = AssetBuilder;
			sourceTree = "<group>";
		};
		7FF31F0F1A1AA90D0008999E = {
			isa = PBXGroup;
			children = (
				7FF31F1A1A1AA90D0008999E /* Sub-Terra */,
				7F558EB21A25CB6F006622FA /* AssetBuilder */,
				7FF31F191A1AA90D0008999E /* Products */,
			);
			sourceTree = "<group>";
		};
		7FF31F191A1AA90D0008999E /* Products */ = {
			isa = PBXGroup;
			children = (
				7FF31F181A1AA90D0008999E /* Sub-Terra.app */,
				7F558EB11A25CB6F006622FA /* AssetBuilder */,
			);
			name = Products;
			sourceTree = "<group>";
		};
		7FF31F1A1A1AA90D0008999E /* Sub-Terra */ = {
			isa = PBXGroup;
			children = (
				7F54073A1A1AABD000B55B7A /* Header Files */,
				7F5407391A1AABC600B55B7A /* Source Files */,
				7F54073B1A1AABD600B55B7A /* Resources */,
				7F5407731A1AADDD00B55B7A /* Frameworks */,
			);
			path = "Sub-Terra";
			sourceTree = "<group>";
		};
/* End PBXGroup section */

/* Begin PBXNativeTarget section */
		7F558EB01A25CB6F006622FA /* AssetBuilder */ = {
			isa = PBXNativeTarget;
			buildConfigurationList = 7F558EB71A25CB6F006622FA /* Build configuration list for PBXNativeTarget "AssetBuilder" */;
			buildPhases = (
				7F558EAD1A25CB6F006622FA /* Sources */,
				7F558EAE1A25CB6F006622FA /* Frameworks */,
				7F558EAF1A25CB6F006622FA /* CopyFiles */,
			);
			buildRules = (
			);
			dependencies = (
			);
			name = AssetBuilder;
			productName = AssetBuilder;
			productReference = 7F558EB11A25CB6F006622FA /* AssetBuilder */;
			productType = "com.apple.product-type.tool";
		};
		7FF31F171A1AA90D0008999E /* Sub-Terra */ = {
			isa = PBXNativeTarget;
			buildConfigurationList = 7FF31F351A1AA90E0008999E /* Build configuration list for PBXNativeTarget "Sub-Terra" */;
			buildPhases = (
				7FF31F141A1AA90D0008999E /* Sources */,
				7FF31F151A1AA90D0008999E /* Frameworks */,
				7FF31F161A1AA90D0008999E /* Resources */,
			);
			buildRules = (
			);
			dependencies = (
			);
			name = "Sub-Terra";
			productName = "Sub-Terra";
			productReference = 7FF31F181A1AA90D0008999E /* Sub-Terra.app */;
			productType = "com.apple.product-type.application";
		};
/* End PBXNativeTarget section */

/* Begin PBXProject section */
		7FF31F101A1AA90D0008999E /* Project object */ = {
			isa = PBXProject;
			attributes = {
				LastUpgradeCheck = 0600;
				ORGANIZATIONNAME = "David Farrell";
				TargetAttributes = {
					7F558EB01A25CB6F006622FA = {
						CreatedOnToolsVersion = 6.0;
					};
					7FF31F171A1AA90D0008999E = {
						CreatedOnToolsVersion = 6.0;
					};
				};
			};
			buildConfigurationList = 7FF31F131A1AA90D0008999E /* Build configuration list for PBXProject "Sub-Terra" */;
			compatibilityVersion = "Xcode 3.2";
			developmentRegion = English;
			hasScannedForEncodings = 0;
			knownRegions = (
				en,
				Base,
			);
			mainGroup = 7FF31F0F1A1AA90D0008999E;
			productRefGroup = 7FF31F191A1AA90D0008999E /* Products */;
			projectDirPath = "";
			projectRoot = "";
			targets = (
				7FF31F171A1AA90D0008999E /* Sub-Terra */,
				7F558EB01A25CB6F006622FA /* AssetBuilder */,
			);
		};
/* End PBXProject section */

/* Begin PBXResourcesBuildPhase section */
		7FF31F161A1AA90D0008999E /* Resources */ = {
			isa = PBXResourcesBuildPhase;
			buildActionMask = 2147483647;
			files = (
				7F54077B1A1AAF1400B55B7A /* SDL2.framework in Resources */,
				7F0CB65B1A25D98600623543 /* MainMenu.xib in Resources */,
			);
			runOnlyForDeploymentPostprocessing = 0;
		};
/* End PBXResourcesBuildPhase section */

/* Begin PBXSourcesBuildPhase section */
		7F558EAD1A25CB6F006622FA /* Sources */ = {
			isa = PBXSourcesBuildPhase;
			buildActionMask = 2147483647;
			files = (
				7F558EB41A25CB6F006622FA /* main.cpp in Sources */,
			);
			runOnlyForDeploymentPostprocessing = 0;
		};
		7FF31F141A1AA90D0008999E /* Sources */ = {
			isa = PBXSourcesBuildPhase;
			buildActionMask = 2147483647;
			files = (
				7F0CB6591A25D90B00623543 /* SubTerra.cpp in Sources */,
				7F0CB6581A25D90B00623543 /* Polar.cpp in Sources */,
				7F0CB6571A25D90B00623543 /* main.m in Sources */,
				7F0CB6541A25D90B00623543 /* GL32Renderer.cpp in Sources */,
				7F0CB6561A25D90B00623543 /* JobManager.cpp in Sources */,
				7F0CB65A1A25D90B00623543 /* Worker.cpp in Sources */,
				7F0CB6531A25D90B00623543 /* AppDelegate.mm in Sources */,
				7F0CB6551A25D90B00623543 /* glew.c in Sources */,
			);
			runOnlyForDeploymentPostprocessing = 0;
		};
/* End PBXSourcesBuildPhase section */

/* Begin PBXVariantGroup section */
		7F0CB63F1A25D8A500623543 /* MainMenu.xib */ = {
			isa = PBXVariantGroup;
			children = (
				7F0CB6401A25D8A500623543 /* Base */,
			);
			name = MainMenu.xib;
			sourceTree = "<group>";
		};
/* End PBXVariantGroup section */

/* Begin XCBuildConfiguration section */
		7F558EB51A25CB6F006622FA /* Debug */ = {
			isa = XCBuildConfiguration;
			buildSettings = {
				GCC_PREPROCESSOR_DEFINITIONS = (
					"DEBUG=1",
					"$(inherited)",
				);
				METAL_ENABLE_DEBUG_INFO = YES;
				PRODUCT_NAME = "$(TARGET_NAME)";
			};
			name = Debug;
		};
		7F558EB61A25CB6F006622FA /* Release */ = {
			isa = XCBuildConfiguration;
			buildSettings = {
				METAL_ENABLE_DEBUG_INFO = NO;
				PRODUCT_NAME = "$(TARGET_NAME)";
			};
			name = Release;
		};
		7FF31F331A1AA90E0008999E /* Debug */ = {
			isa = XCBuildConfiguration;
			buildSettings = {
				ALWAYS_SEARCH_USER_PATHS = NO;
				CLANG_CXX_LANGUAGE_STANDARD = "gnu++0x";
				CLANG_CXX_LIBRARY = "libc++";
				CLANG_ENABLE_MODULES = YES;
				CLANG_ENABLE_OBJC_ARC = YES;
				CLANG_WARN_BOOL_CONVERSION = YES;
				CLANG_WARN_CONSTANT_CONVERSION = YES;
				CLANG_WARN_DIRECT_OBJC_ISA_USAGE = YES_ERROR;
				CLANG_WARN_EMPTY_BODY = YES;
				CLANG_WARN_ENUM_CONVERSION = YES;
				CLANG_WARN_INT_CONVERSION = YES;
				CLANG_WARN_OBJC_ROOT_CLASS = YES_ERROR;
				CLANG_WARN_UNREACHABLE_CODE = YES;
				CLANG_WARN__DUPLICATE_METHOD_MATCH = YES;
				CODE_SIGN_IDENTITY = "-";
				COPY_PHASE_STRIP = NO;
				ENABLE_STRICT_OBJC_MSGSEND = YES;
				GCC_C_LANGUAGE_STANDARD = gnu99;
				GCC_DYNAMIC_NO_PIC = NO;
				GCC_OPTIMIZATION_LEVEL = 0;
				GCC_PREPROCESSOR_DEFINITIONS = (
					"DEBUG=1",
					"_DEBUG=1",
					"$(inherited)",
				);
				GCC_SYMBOLS_PRIVATE_EXTERN = NO;
				GCC_WARN_64_TO_32_BIT_CONVERSION = YES;
				GCC_WARN_ABOUT_RETURN_TYPE = YES_ERROR;
				GCC_WARN_UNDECLARED_SELECTOR = YES;
				GCC_WARN_UNINITIALIZED_AUTOS = YES_AGGRESSIVE;
				GCC_WARN_UNUSED_FUNCTION = YES;
				GCC_WARN_UNUSED_VARIABLE = YES;
				MACOSX_DEPLOYMENT_TARGET = 10.10;
				METAL_ENABLE_DEBUG_INFO = YES;
				ONLY_ACTIVE_ARCH = YES;
				SDKROOT = macosx;
			};
			name = Debug;
		};
		7FF31F341A1AA90E0008999E /* Release */ = {
			isa = XCBuildConfiguration;
			buildSettings = {
				ALWAYS_SEARCH_USER_PATHS = NO;
				CLANG_CXX_LANGUAGE_STANDARD = "gnu++0x";
				CLANG_CXX_LIBRARY = "libc++";
				CLANG_ENABLE_MODULES = YES;
				CLANG_ENABLE_OBJC_ARC = YES;
				CLANG_WARN_BOOL_CONVERSION = YES;
				CLANG_WARN_CONSTANT_CONVERSION = YES;
				CLANG_WARN_DIRECT_OBJC_ISA_USAGE = YES_ERROR;
				CLANG_WARN_EMPTY_BODY = YES;
				CLANG_WARN_ENUM_CONVERSION = YES;
				CLANG_WARN_INT_CONVERSION = YES;
				CLANG_WARN_OBJC_ROOT_CLASS = YES_ERROR;
				CLANG_WARN_UNREACHABLE_CODE = YES;
				CLANG_WARN__DUPLICATE_METHOD_MATCH = YES;
				CODE_SIGN_IDENTITY = "-";
				COPY_PHASE_STRIP = YES;
				DEBUG_INFORMATION_FORMAT = "dwarf-with-dsym";
				ENABLE_NS_ASSERTIONS = NO;
				ENABLE_STRICT_OBJC_MSGSEND = YES;
				GCC_C_LANGUAGE_STANDARD = gnu99;
				GCC_WARN_64_TO_32_BIT_CONVERSION = YES;
				GCC_WARN_ABOUT_RETURN_TYPE = YES_ERROR;
				GCC_WARN_UNDECLARED_SELECTOR = YES;
				GCC_WARN_UNINITIALIZED_AUTOS = YES_AGGRESSIVE;
				GCC_WARN_UNUSED_FUNCTION = YES;
				GCC_WARN_UNUSED_VARIABLE = YES;
				MACOSX_DEPLOYMENT_TARGET = 10.10;
				METAL_ENABLE_DEBUG_INFO = NO;
				SDKROOT = macosx;
			};
			name = Release;
		};
		7FF31F361A1AA90E0008999E /* Debug */ = {
			isa = XCBuildConfiguration;
			buildSettings = {
				ASSETCATALOG_COMPILER_APPICON_NAME = AppIcon;
				CLANG_ENABLE_MODULES = NO;
				COMBINE_HIDPI_IMAGES = YES;
				FRAMEWORK_SEARCH_PATHS = "$(LOCAL_LIBRARY_DIR)/Frameworks";
				INFOPLIST_FILE = "$(SRCROOT)/Sub-Terra/resources/Info.plist";
				LD_RUNPATH_SEARCH_PATHS = "$(inherited) @executable_path/../Frameworks";
				PRODUCT_NAME = "$(TARGET_NAME)";
				USER_HEADER_SEARCH_PATHS = "include Sub-Terra/include";
			};
			name = Debug;
		};
		7FF31F371A1AA90E0008999E /* Release */ = {
			isa = XCBuildConfiguration;
			buildSettings = {
				ASSETCATALOG_COMPILER_APPICON_NAME = AppIcon;
				CLANG_ENABLE_MODULES = NO;
				COMBINE_HIDPI_IMAGES = YES;
				FRAMEWORK_SEARCH_PATHS = "$(LOCAL_LIBRARY_DIR)/Frameworks";
				INFOPLIST_FILE = "$(SRCROOT)/Sub-Terra/resources/Info.plist";
				LD_RUNPATH_SEARCH_PATHS = "$(inherited) @executable_path/../Frameworks";
				PRODUCT_NAME = "$(TARGET_NAME)";
				USER_HEADER_SEARCH_PATHS = "include Sub-Terra/include";
			};
			name = Release;
		};
/* End XCBuildConfiguration section */

/* Begin XCConfigurationList section */
		7F558EB71A25CB6F006622FA /* Build configuration list for PBXNativeTarget "AssetBuilder" */ = {
			isa = XCConfigurationList;
			buildConfigurations = (
				7F558EB51A25CB6F006622FA /* Debug */,
				7F558EB61A25CB6F006622FA /* Release */,
			);
			defaultConfigurationIsVisible = 0;
			defaultConfigurationName = Release;
		};
		7FF31F131A1AA90D0008999E /* Build configuration list for PBXProject "Sub-Terra" */ = {
			isa = XCConfigurationList;
			buildConfigurations = (
				7FF31F331A1AA90E0008999E /* Debug */,
				7FF31F341A1AA90E0008999E /* Release */,
			);
			defaultConfigurationIsVisible = 0;
			defaultConfigurationName = Release;
		};
		7FF31F351A1AA90E0008999E /* Build configuration list for PBXNativeTarget "Sub-Terra" */ = {
			isa = XCConfigurationList;
			buildConfigurations = (
				7FF31F361A1AA90E0008999E /* Debug */,
				7FF31F371A1AA90E0008999E /* Release */,
			);
			defaultConfigurationIsVisible = 0;
			defaultConfigurationName = Release;
		};
/* End XCConfigurationList section */
	};
	rootObject = 7FF31F101A1AA90D0008999E /* Project object */;
}
